
Microsoft Visual Studio Solution File, Format Version 11.00
# Visual Studio 2010
Project("{FAE04EC0-301F-11D3-BF4B-00C04F79EFBC}") = "AstarPathfindingProject", "AstarPathfindingProject.csproj", "{DF382476-81B9-7BFF-1D9E-477396EB3674}"
EndProject
Project("{FAE04EC0-301F-11D3-BF4B-00C04F79EFBC}") = "Assembly-CSharp", "Assembly-CSharp.csproj", "{7DAC3245-D9E7-B48C-CE03-E8DE88A67228}"
EndProject
Project("{FAE04EC0-301F-11D3-BF4B-00C04F79EFBC}") = "PackageToolsEditor", "PackageToolsEditor.csproj", "{33DAE2DB-02AE-D65C-85C1-D41E5753D768}"
EndProject
Project("{FAE04EC0-301F-11D3-BF4B-00C04F79EFBC}") = "AstarPathfindingProjectEditor", "AstarPathfindingProjectEditor.csproj", "{CFCC8E9B-A263-3CB6-D13F-BBAABF880B26}"
EndProject
Project("{FAE04EC0-301F-11D3-BF4B-00C04F79EFBC}") = "Assembly-CSharp-Editor", "Assembly-CSharp-Editor.csproj", "{F610E81E-D038-603F-7833-60EDD16FADB9}"
EndProject
Global
	GlobalSection(SolutionConfigurationPlatforms) = preSolution
		Debug|Any CPU = Debug|Any CPU
		Release|Any CPU = Release|Any CPU
	EndGlobalSection
	GlobalSection(ProjectConfigurationPlatforms) = postSolution
		{DF382476-81B9-7BFF-1D9E-477396EB3674}.Debug|Any CPU.ActiveCfg = Debug|Any CPU
		{DF382476-81B9-7BFF-1D9E-477396EB3674}.Debug|Any CPU.Build.0 = Debug|Any CPU
		{DF382476-81B9-7BFF-1D9E-477396EB3674}.Release|Any CPU.ActiveCfg = Release|Any CPU
		{DF382476-81B9-7BFF-1D9E-477396EB3674}.Release|Any CPU.Build.0 = Release|Any CPU
		{7DAC3245-D9E7-B48C-CE03-E8DE88A67228}.Debug|Any CPU.ActiveCfg = Debug|Any CPU
		{7DAC3245-D9E7-B48C-CE03-E8DE88A67228}.Debug|Any CPU.Build.0 = Debug|Any CPU
		{7DAC3245-D9E7-B48C-CE03-E8DE88A67228}.Release|Any CPU.ActiveCfg = Release|Any CPU
		{7DAC3245-D9E7-B48C-CE03-E8DE88A67228}.Release|Any CPU.Build.0 = Release|Any CPU
		{33DAE2DB-02AE-D65C-85C1-D41E5753D768}.Debug|Any CPU.ActiveCfg = Debug|Any CPU
		{33DAE2DB-02AE-D65C-85C1-D41E5753D768}.Debug|Any CPU.Build.0 = Debug|Any CPU
		{33DAE2DB-02AE-D65C-85C1-D41E5753D768}.Release|Any CPU.ActiveCfg = Release|Any CPU
		{33DAE2DB-02AE-D65C-85C1-D41E5753D768}.Release|Any CPU.Build.0 = Release|Any CPU
		{CFCC8E9B-A263-3CB6-D13F-BBAABF880B26}.Debug|Any CPU.ActiveCfg = Debug|Any CPU
		{CFCC8E9B-A263-3CB6-D13F-BBAABF880B26}.Debug|Any CPU.Build.0 = Debug|Any CPU
		{CFCC8E9B-A263-3CB6-D13F-BBAABF880B26}.Release|Any CPU.ActiveCfg = Release|Any CPU
		{CFCC8E9B-A263-3CB6-D13F-BBAABF880B26}.Release|Any CPU.Build.0 = Release|Any CPU
		{F610E81E-D038-603F-7833-60EDD16FADB9}.Debug|Any CPU.ActiveCfg = Debug|Any CPU
		{F610E81E-D038-603F-7833-60EDD16FADB9}.Debug|Any CPU.Build.0 = Debug|Any CPU
		{F610E81E-D038-603F-7833-60EDD16FADB9}.Release|Any CPU.ActiveCfg = Release|Any CPU
		{F610E81E-D038-603F-7833-60EDD16FADB9}.Release|Any CPU.Build.0 = Release|Any CPU
	EndGlobalSection
	GlobalSection(SolutionProperties) = preSolution
		HideSolutionNode = FALSE
	EndGlobalSection
EndGlobal
